
Microsoft Visual Studio Solution File, Format Version 12.00
# Visual Studio Version 16
VisualStudioVersion = 16.0.29911.84
MinimumVisualStudioVersion = 10.0.40219.1
Project("{FAE04EC0-301F-11D3-BF4B-00C04F79EFBC}") = "Vector Distance", "Vector Distance\Vector Distance.csproj", "{B4A365DC-A5CB-4FFF-84BD-2CB7956D2F6F}"
EndProject
Global
	GlobalSection(SolutionConfigurationPlatforms) = preSolution
		Debug|Any CPU = Debug|Any CPU
		Release|Any CPU = Release|Any CPU
	EndGlobalSection
	GlobalSection(ProjectConfigurationPlatforms) = postSolution
		{B4A365DC-A5CB-4FFF-84BD-2CB7956D2F6F}.Debug|Any CPU.ActiveCfg = Debug|Any CPU
		{B4A365DC-A5CB-4FFF-84BD-2CB7956D2F6F}.Debug|Any CPU.Build.0 = Debug|Any CPU
		{B4A365DC-A5CB-4FFF-84BD-2CB7956D2F6F}.Release|Any CPU.ActiveCfg = Release|Any CPU
		{B4A365DC-A5CB-4FFF-84BD-2CB7956D2F6F}.Release|Any CPU.Build.0 = Release|Any CPU
	EndGlobalSection
	GlobalSection(SolutionProperties) = preSolution
		HideSolutionNode = FALSE
	EndGlobalSection
	GlobalSection(ExtensibilityGlobals) = postSolution
		SolutionGuid = {22B36F67-A9BC-4B5C-B14D-A31B4ED91C66}
	EndGlobalSection
EndGlobal
